// !$*UTF8*$!
{
	archiveVersion = 1;
	classes = {
	};
	objectVersion = 50;
	objects = {

/* Begin PBXBuildFile section */
		13474B2953DAC6B76B4C216E /* Pods_InstagramUITests.framework in Frameworks */ = {isa = PBXBuildFile; fileRef = 03E7D86D9E5D2CB71AC47CB2 /* Pods_InstagramUITests.framework */; };
		34292F652154248F0062AB15 /* AppDelegate.swift in Sources */ = {isa = PBXBuildFile; fileRef = 34292F642154248F0062AB15 /* AppDelegate.swift */; };
		34292F6A2154248F0062AB15 /* Main.storyboard in Resources */ = {isa = PBXBuildFile; fileRef = 34292F682154248F0062AB15 /* Main.storyboard */; };
		34292F6C215424910062AB15 /* Assets.xcassets in Resources */ = {isa = PBXBuildFile; fileRef = 34292F6B215424910062AB15 /* Assets.xcassets */; };
		34292F6F215424910062AB15 /* LaunchScreen.storyboard in Resources */ = {isa = PBXBuildFile; fileRef = 34292F6D215424910062AB15 /* LaunchScreen.storyboard */; };
		34292F7A215424910062AB15 /* InstagramTests.swift in Sources */ = {isa = PBXBuildFile; fileRef = 34292F79215424910062AB15 /* InstagramTests.swift */; };
		34292F85215424910062AB15 /* InstagramUITests.swift in Sources */ = {isa = PBXBuildFile; fileRef = 34292F84215424910062AB15 /* InstagramUITests.swift */; };
		34292F932154BE0A0062AB15 /* LoginViewController.swift in Sources */ = {isa = PBXBuildFile; fileRef = 34292F922154BE0A0062AB15 /* LoginViewController.swift */; };
		34292F952154BE600062AB15 /* MainViewController.swift in Sources */ = {isa = PBXBuildFile; fileRef = 34292F942154BE600062AB15 /* MainViewController.swift */; };
		34292F972154CFA30062AB15 /* ChatCell.swift in Sources */ = {isa = PBXBuildFile; fileRef = 34292F962154CFA30062AB15 /* ChatCell.swift */; };
		34292F992154D4D20062AB15 /* AccountViewController.swift in Sources */ = {isa = PBXBuildFile; fileRef = 34292F982154D4D20062AB15 /* AccountViewController.swift */; };
		34292F9B21560A030062AB15 /* CameraViewController.swift in Sources */ = {isa = PBXBuildFile; fileRef = 34292F9A21560A030062AB15 /* CameraViewController.swift */; };
		34546774215645690057C240 /* PostFile.swift in Sources */ = {isa = PBXBuildFile; fileRef = 34546773215645690057C240 /* PostFile.swift */; };
		7964A3FDE7E93316265A3EFE /* Pods_Instagram.framework in Frameworks */ = {isa = PBXBuildFile; fileRef = E23E439C5D9B13450CBF8495 /* Pods_Instagram.framework */; };
		CBC290ADB9E914B9AAA8288C /* Pods_InstagramTests.framework in Frameworks */ = {isa = PBXBuildFile; fileRef = B346121171415B610ED8F622 /* Pods_InstagramTests.framework */; };
/* End PBXBuildFile section */

/* Begin PBXContainerItemProxy section */
		34292F76215424910062AB15 /* PBXContainerItemProxy */ = {
			isa = PBXContainerItemProxy;
			containerPortal = 34292F592154248E0062AB15 /* Project object */;
			proxyType = 1;
			remoteGlobalIDString = 34292F602154248F0062AB15;
			remoteInfo = Instagram;
		};
		34292F81215424910062AB15 /* PBXContainerItemProxy */ = {
			isa = PBXContainerItemProxy;
			containerPortal = 34292F592154248E0062AB15 /* Project object */;
			proxyType = 1;
			remoteGlobalIDString = 34292F602154248F0062AB15;
			remoteInfo = Instagram;
		};
/* End PBXContainerItemProxy section */

/* Begin PBXFileReference section */
		03E7D86D9E5D2CB71AC47CB2 /* Pods_InstagramUITests.framework */ = {isa = PBXFileReference; explicitFileType = wrapper.framework; includeInIndex = 0; path = Pods_InstagramUITests.framework; sourceTree = BUILT_PRODUCTS_DIR; };
		34292F612154248F0062AB15 /* Instagram.app */ = {isa = PBXFileReference; explicitFileType = wrapper.application; includeInIndex = 0; path = Instagram.app; sourceTree = BUILT_PRODUCTS_DIR; };
		34292F642154248F0062AB15 /* AppDelegate.swift */ = {isa = PBXFileReference; lastKnownFileType = sourcecode.swift; path = AppDelegate.swift; sourceTree = "<group>"; };
		34292F692154248F0062AB15 /* Base */ = {isa = PBXFileReference; lastKnownFileType = file.storyboard; name = Base; path = Base.lproj/Main.storyboard; sourceTree = "<group>"; };
		34292F6B215424910062AB15 /* Assets.xcassets */ = {isa = PBXFileReference; lastKnownFileType = folder.assetcatalog; path = Assets.xcassets; sourceTree = "<group>"; };
		34292F6E215424910062AB15 /* Base */ = {isa = PBXFileReference; lastKnownFileType = file.storyboard; name = Base; path = Base.lproj/LaunchScreen.storyboard; sourceTree = "<group>"; };
		34292F70215424910062AB15 /* Info.plist */ = {isa = PBXFileReference; lastKnownFileType = text.plist.xml; path = Info.plist; sourceTree = "<group>"; };
		34292F75215424910062AB15 /* InstagramTests.xctest */ = {isa = PBXFileReference; explicitFileType = wrapper.cfbundle; includeInIndex = 0; path = InstagramTests.xctest; sourceTree = BUILT_PRODUCTS_DIR; };
		34292F79215424910062AB15 /* InstagramTests.swift */ = {isa = PBXFileReference; lastKnownFileType = sourcecode.swift; path = InstagramTests.swift; sourceTree = "<group>"; };
		34292F7B215424910062AB15 /* Info.plist */ = {isa = PBXFileReference; lastKnownFileType = text.plist.xml; path = Info.plist; sourceTree = "<group>"; };
		34292F80215424910062AB15 /* InstagramUITests.xctest */ = {isa = PBXFileReference; explicitFileType = wrapper.cfbundle; includeInIndex = 0; path = InstagramUITests.xctest; sourceTree = BUILT_PRODUCTS_DIR; };
		34292F84215424910062AB15 /* InstagramUITests.swift */ = {isa = PBXFileReference; lastKnownFileType = sourcecode.swift; path = InstagramUITests.swift; sourceTree = "<group>"; };
		34292F86215424910062AB15 /* Info.plist */ = {isa = PBXFileReference; lastKnownFileType = text.plist.xml; path = Info.plist; sourceTree = "<group>"; };
		34292F922154BE0A0062AB15 /* LoginViewController.swift */ = {isa = PBXFileReference; lastKnownFileType = sourcecode.swift; path = LoginViewController.swift; sourceTree = "<group>"; };
		34292F942154BE600062AB15 /* MainViewController.swift */ = {isa = PBXFileReference; lastKnownFileType = sourcecode.swift; path = MainViewController.swift; sourceTree = "<group>"; };
		34292F962154CFA30062AB15 /* ChatCell.swift */ = {isa = PBXFileReference; lastKnownFileType = sourcecode.swift; path = ChatCell.swift; sourceTree = "<group>"; };
		34292F982154D4D20062AB15 /* AccountViewController.swift */ = {isa = PBXFileReference; lastKnownFileType = sourcecode.swift; path = AccountViewController.swift; sourceTree = "<group>"; };
		34292F9A21560A030062AB15 /* CameraViewController.swift */ = {isa = PBXFileReference; lastKnownFileType = sourcecode.swift; path = CameraViewController.swift; sourceTree = "<group>"; };
		34546773215645690057C240 /* PostFile.swift */ = {isa = PBXFileReference; lastKnownFileType = sourcecode.swift; path = PostFile.swift; sourceTree = "<group>"; };
		5CBC451AD45D3A11A90F7FBF /* Pods-Instagram.debug.xcconfig */ = {isa = PBXFileReference; includeInIndex = 1; lastKnownFileType = text.xcconfig; name = "Pods-Instagram.debug.xcconfig"; path = "Pods/Target Support Files/Pods-Instagram/Pods-Instagram.debug.xcconfig"; sourceTree = "<group>"; };
		6ED5B1EEC974287845569BF6 /* Pods-InstagramTests.release.xcconfig */ = {isa = PBXFileReference; includeInIndex = 1; lastKnownFileType = text.xcconfig; name = "Pods-InstagramTests.release.xcconfig"; path = "Pods/Target Support Files/Pods-InstagramTests/Pods-InstagramTests.release.xcconfig"; sourceTree = "<group>"; };
		90EF07FE3ED2ACA0EB5048A3 /* Pods-InstagramUITests.release.xcconfig */ = {isa = PBXFileReference; includeInIndex = 1; lastKnownFileType = text.xcconfig; name = "Pods-InstagramUITests.release.xcconfig"; path = "Pods/Target Support Files/Pods-InstagramUITests/Pods-InstagramUITests.release.xcconfig"; sourceTree = "<group>"; };
		A712F4C325DB8C9A1B365163 /* Pods-InstagramUITests.debug.xcconfig */ = {isa = PBXFileReference; includeInIndex = 1; lastKnownFileType = text.xcconfig; name = "Pods-InstagramUITests.debug.xcconfig"; path = "Pods/Target Support Files/Pods-InstagramUITests/Pods-InstagramUITests.debug.xcconfig"; sourceTree = "<group>"; };
		B346121171415B610ED8F622 /* Pods_InstagramTests.framework */ = {isa = PBXFileReference; explicitFileType = wrapper.framework; includeInIndex = 0; path = Pods_InstagramTests.framework; sourceTree = BUILT_PRODUCTS_DIR; };
		B352E66760C0FE79533534E4 /* Pods-Instagram.release.xcconfig */ = {isa = PBXFileReference; includeInIndex = 1; lastKnownFileType = text.xcconfig; name = "Pods-Instagram.release.xcconfig"; path = "Pods/Target Support Files/Pods-Instagram/Pods-Instagram.release.xcconfig"; sourceTree = "<group>"; };
		E23E439C5D9B13450CBF8495 /* Pods_Instagram.framework */ = {isa = PBXFileReference; explicitFileType = wrapper.framework; includeInIndex = 0; path = Pods_Instagram.framework; sourceTree = BUILT_PRODUCTS_DIR; };
		FB462F3A47C2CA7D8FC9F99A /* Pods-InstagramTests.debug.xcconfig */ = {isa = PBXFileReference; includeInIndex = 1; lastKnownFileType = text.xcconfig; name = "Pods-InstagramTests.debug.xcconfig"; path = "Pods/Target Support Files/Pods-InstagramTests/Pods-InstagramTests.debug.xcconfig"; sourceTree = "<group>"; };
/* End PBXFileReference section */

/* Begin PBXFrameworksBuildPhase section */
		34292F5E2154248F0062AB15 /* Frameworks */ = {
			isa = PBXFrameworksBuildPhase;
			buildActionMask = 2147483647;
			files = (
				7964A3FDE7E93316265A3EFE /* Pods_Instagram.framework in Frameworks */,
			);
			runOnlyForDeploymentPostprocessing = 0;
		};
		34292F72215424910062AB15 /* Frameworks */ = {
			isa = PBXFrameworksBuildPhase;
			buildActionMask = 2147483647;
			files = (
				CBC290ADB9E914B9AAA8288C /* Pods_InstagramTests.framework in Frameworks */,
			);
			runOnlyForDeploymentPostprocessing = 0;
		};
		34292F7D215424910062AB15 /* Frameworks */ = {
			isa = PBXFrameworksBuildPhase;
			buildActionMask = 2147483647;
			files = (
				13474B2953DAC6B76B4C216E /* Pods_InstagramUITests.framework in Frameworks */,
			);
			runOnlyForDeploymentPostprocessing = 0;
		};
/* End PBXFrameworksBuildPhase section */

/* Begin PBXGroup section */
		34292F582154248E0062AB15 = {
			isa = PBXGroup;
			children = (
				34292F632154248F0062AB15 /* Instagram */,
				34292F78215424910062AB15 /* InstagramTests */,
				34292F83215424910062AB15 /* InstagramUITests */,
				34292F622154248F0062AB15 /* Products */,
				478258C784966D23F0BC63EF /* Pods */,
				CDF14E894A4EAE3C5ACFCCBF /* Frameworks */,
			);
			sourceTree = "<group>";
		};
		34292F622154248F0062AB15 /* Products */ = {
			isa = PBXGroup;
			children = (
				34292F612154248F0062AB15 /* Instagram.app */,
				34292F75215424910062AB15 /* InstagramTests.xctest */,
				34292F80215424910062AB15 /* InstagramUITests.xctest */,
			);
			name = Products;
			sourceTree = "<group>";
		};
		34292F632154248F0062AB15 /* Instagram */ = {
			isa = PBXGroup;
			children = (
				34292F642154248F0062AB15 /* AppDelegate.swift */,
				34292F922154BE0A0062AB15 /* LoginViewController.swift */,
				34292F982154D4D20062AB15 /* AccountViewController.swift */,
				34546773215645690057C240 /* PostFile.swift */,
				34292F942154BE600062AB15 /* MainViewController.swift */,
				34292F9A21560A030062AB15 /* CameraViewController.swift */,
				34292F962154CFA30062AB15 /* ChatCell.swift */,
				34292F682154248F0062AB15 /* Main.storyboard */,
				34292F6B215424910062AB15 /* Assets.xcassets */,
				34292F6D215424910062AB15 /* LaunchScreen.storyboard */,
				34292F70215424910062AB15 /* Info.plist */,
			);
			path = Instagram;
			sourceTree = "<group>";
		};
		34292F78215424910062AB15 /* InstagramTests */ = {
			isa = PBXGroup;
			children = (
				34292F79215424910062AB15 /* InstagramTests.swift */,
				34292F7B215424910062AB15 /* Info.plist */,
			);
			path = InstagramTests;
			sourceTree = "<group>";
		};
		34292F83215424910062AB15 /* InstagramUITests */ = {
			isa = PBXGroup;
			children = (
				34292F84215424910062AB15 /* InstagramUITests.swift */,
				34292F86215424910062AB15 /* Info.plist */,
			);
			path = InstagramUITests;
			sourceTree = "<group>";
		};
		478258C784966D23F0BC63EF /* Pods */ = {
			isa = PBXGroup;
			children = (
				5CBC451AD45D3A11A90F7FBF /* Pods-Instagram.debug.xcconfig */,
				B352E66760C0FE79533534E4 /* Pods-Instagram.release.xcconfig */,
				FB462F3A47C2CA7D8FC9F99A /* Pods-InstagramTests.debug.xcconfig */,
				6ED5B1EEC974287845569BF6 /* Pods-InstagramTests.release.xcconfig */,
				A712F4C325DB8C9A1B365163 /* Pods-InstagramUITests.debug.xcconfig */,
				90EF07FE3ED2ACA0EB5048A3 /* Pods-InstagramUITests.release.xcconfig */,
			);
			name = Pods;
			sourceTree = "<group>";
		};
		CDF14E894A4EAE3C5ACFCCBF /* Frameworks */ = {
			isa = PBXGroup;
			children = (
				E23E439C5D9B13450CBF8495 /* Pods_Instagram.framework */,
				B346121171415B610ED8F622 /* Pods_InstagramTests.framework */,
				03E7D86D9E5D2CB71AC47CB2 /* Pods_InstagramUITests.framework */,
			);
			name = Frameworks;
			sourceTree = "<group>";
		};
/* End PBXGroup section */

/* Begin PBXNativeTarget section */
		34292F602154248F0062AB15 /* Instagram */ = {
			isa = PBXNativeTarget;
			buildConfigurationList = 34292F89215424910062AB15 /* Build configuration list for PBXNativeTarget "Instagram" */;
			buildPhases = (
				B2A3E766A6AA9E26CECDCC5A /* [CP] Check Pods Manifest.lock */,
				34292F5D2154248F0062AB15 /* Sources */,
				34292F5E2154248F0062AB15 /* Frameworks */,
				34292F5F2154248F0062AB15 /* Resources */,
				F1398D79DAAC4D6F82F5AE79 /* [CP] Embed Pods Frameworks */,
			);
			buildRules = (
			);
			dependencies = (
			);
			name = Instagram;
			productName = Instagram;
			productReference = 34292F612154248F0062AB15 /* Instagram.app */;
			productType = "com.apple.product-type.application";
		};
		34292F74215424910062AB15 /* InstagramTests */ = {
			isa = PBXNativeTarget;
			buildConfigurationList = 34292F8C215424910062AB15 /* Build configuration list for PBXNativeTarget "InstagramTests" */;
			buildPhases = (
				081B4A4E794E233823953A5D /* [CP] Check Pods Manifest.lock */,
				34292F71215424910062AB15 /* Sources */,
				34292F72215424910062AB15 /* Frameworks */,
				34292F73215424910062AB15 /* Resources */,
			);
			buildRules = (
			);
			dependencies = (
				34292F77215424910062AB15 /* PBXTargetDependency */,
			);
			name = InstagramTests;
			productName = InstagramTests;
			productReference = 34292F75215424910062AB15 /* InstagramTests.xctest */;
			productType = "com.apple.product-type.bundle.unit-test";
		};
		34292F7F215424910062AB15 /* InstagramUITests */ = {
			isa = PBXNativeTarget;
			buildConfigurationList = 34292F8F215424910062AB15 /* Build configuration list for PBXNativeTarget "InstagramUITests" */;
			buildPhases = (
				EB4D9E2CC9A08933C8679B80 /* [CP] Check Pods Manifest.lock */,
				34292F7C215424910062AB15 /* Sources */,
				34292F7D215424910062AB15 /* Frameworks */,
				34292F7E215424910062AB15 /* Resources */,
			);
			buildRules = (
			);
			dependencies = (
				34292F82215424910062AB15 /* PBXTargetDependency */,
			);
			name = InstagramUITests;
			productName = InstagramUITests;
			productReference = 34292F80215424910062AB15 /* InstagramUITests.xctest */;
			productType = "com.apple.product-type.bundle.ui-testing";
		};
/* End PBXNativeTarget section */

/* Begin PBXProject section */
		34292F592154248E0062AB15 /* Project object */ = {
			isa = PBXProject;
			attributes = {
				LastSwiftUpdateCheck = 0940;
				LastUpgradeCheck = 0940;
				ORGANIZATIONNAME = "Pat Khai";
				TargetAttributes = {
					34292F602154248F0062AB15 = {
						CreatedOnToolsVersion = 9.4.1;
					};
					34292F74215424910062AB15 = {
						CreatedOnToolsVersion = 9.4.1;
						TestTargetID = 34292F602154248F0062AB15;
					};
					34292F7F215424910062AB15 = {
						CreatedOnToolsVersion = 9.4.1;
						TestTargetID = 34292F602154248F0062AB15;
					};
				};
			};
			buildConfigurationList = 34292F5C2154248F0062AB15 /* Build configuration list for PBXProject "Instagram" */;
			compatibilityVersion = "Xcode 9.3";
			developmentRegion = en;
			hasScannedForEncodings = 0;
			knownRegions = (
				en,
				Base,
			);
			mainGroup = 34292F582154248E0062AB15;
			productRefGroup = 34292F622154248F0062AB15 /* Products */;
			projectDirPath = "";
			projectRoot = "";
			targets = (
				34292F602154248F0062AB15 /* Instagram */,
				34292F74215424910062AB15 /* InstagramTests */,
				34292F7F215424910062AB15 /* InstagramUITests */,
			);
		};
/* End PBXProject section */

/* Begin PBXResourcesBuildPhase section */
		34292F5F2154248F0062AB15 /* Resources */ = {
			isa = PBXResourcesBuildPhase;
			buildActionMask = 2147483647;
			files = (
				34292F6F215424910062AB15 /* LaunchScreen.storyboard in Resources */,
				34292F6C215424910062AB15 /* Assets.xcassets in Resources */,
				34292F6A2154248F0062AB15 /* Main.storyboard in Resources */,
			);
			runOnlyForDeploymentPostprocessing = 0;
		};
		34292F73215424910062AB15 /* Resources */ = {
			isa = PBXResourcesBuildPhase;
			buildActionMask = 2147483647;
			files = (
			);
			runOnlyForDeploymentPostprocessing = 0;
		};
		34292F7E215424910062AB15 /* Resources */ = {
			isa = PBXResourcesBuildPhase;
			buildActionMask = 2147483647;
			files = (
			);
			runOnlyForDeploymentPostprocessing = 0;
		};
/* End PBXResourcesBuildPhase section */

/* Begin PBXShellScriptBuildPhase section */
		081B4A4E794E233823953A5D /* [CP] Check Pods Manifest.lock */ = {
			isa = PBXShellScriptBuildPhase;
			buildActionMask = 2147483647;
			files = (
			);
			inputPaths = (
				"${PODS_PODFILE_DIR_PATH}/Podfile.lock",
				"${PODS_ROOT}/Manifest.lock",
			);
			name = "[CP] Check Pods Manifest.lock";
			outputPaths = (
				"$(DERIVED_FILE_DIR)/Pods-InstagramTests-checkManifestLockResult.txt",
			);
			runOnlyForDeploymentPostprocessing = 0;
			shellPath = /bin/sh;
			shellScript = "diff \"${PODS_PODFILE_DIR_PATH}/Podfile.lock\" \"${PODS_ROOT}/Manifest.lock\" > /dev/null\nif [ $? != 0 ] ; then\n    # print error to STDERR\n    echo \"error: The sandbox is not in sync with the Podfile.lock. Run 'pod install' or update your CocoaPods installation.\" >&2\n    exit 1\nfi\n# This output is used by Xcode 'outputs' to avoid re-running this script phase.\necho \"SUCCESS\" > \"${SCRIPT_OUTPUT_FILE_0}\"\n";
			showEnvVarsInLog = 0;
		};
		B2A3E766A6AA9E26CECDCC5A /* [CP] Check Pods Manifest.lock */ = {
			isa = PBXShellScriptBuildPhase;
			buildActionMask = 2147483647;
			files = (
			);
			inputPaths = (
				"${PODS_PODFILE_DIR_PATH}/Podfile.lock",
				"${PODS_ROOT}/Manifest.lock",
			);
			name = "[CP] Check Pods Manifest.lock";
			outputPaths = (
				"$(DERIVED_FILE_DIR)/Pods-Instagram-checkManifestLockResult.txt",
			);
			runOnlyForDeploymentPostprocessing = 0;
			shellPath = /bin/sh;
			shellScript = "diff \"${PODS_PODFILE_DIR_PATH}/Podfile.lock\" \"${PODS_ROOT}/Manifest.lock\" > /dev/null\nif [ $? != 0 ] ; then\n    # print error to STDERR\n    echo \"error: The sandbox is not in sync with the Podfile.lock. Run 'pod install' or update your CocoaPods installation.\" >&2\n    exit 1\nfi\n# This output is used by Xcode 'outputs' to avoid re-running this script phase.\necho \"SUCCESS\" > \"${SCRIPT_OUTPUT_FILE_0}\"\n";
			showEnvVarsInLog = 0;
		};
		EB4D9E2CC9A08933C8679B80 /* [CP] Check Pods Manifest.lock */ = {
			isa = PBXShellScriptBuildPhase;
			buildActionMask = 2147483647;
			files = (
			);
			inputPaths = (
				"${PODS_PODFILE_DIR_PATH}/Podfile.lock",
				"${PODS_ROOT}/Manifest.lock",
			);
			name = "[CP] Check Pods Manifest.lock";
			outputPaths = (
				"$(DERIVED_FILE_DIR)/Pods-InstagramUITests-checkManifestLockResult.txt",
			);
			runOnlyForDeploymentPostprocessing = 0;
			shellPath = /bin/sh;
			shellScript = "diff \"${PODS_PODFILE_DIR_PATH}/Podfile.lock\" \"${PODS_ROOT}/Manifest.lock\" > /dev/null\nif [ $? != 0 ] ; then\n    # print error to STDERR\n    echo \"error: The sandbox is not in sync with the Podfile.lock. Run 'pod install' or update your CocoaPods installation.\" >&2\n    exit 1\nfi\n# This output is used by Xcode 'outputs' to avoid re-running this script phase.\necho \"SUCCESS\" > \"${SCRIPT_OUTPUT_FILE_0}\"\n";
			showEnvVarsInLog = 0;
		};
		F1398D79DAAC4D6F82F5AE79 /* [CP] Embed Pods Frameworks */ = {
			isa = PBXShellScriptBuildPhase;
			buildActionMask = 2147483647;
			files = (
			);
			inputPaths = (
				"${SRCROOT}/Pods/Target Support Files/Pods-Instagram/Pods-Instagram-frameworks.sh",
				"${BUILT_PRODUCTS_DIR}/Alamofire/Alamofire.framework",
				"${BUILT_PRODUCTS_DIR}/AlamofireImage/AlamofireImage.framework",
				"${BUILT_PRODUCTS_DIR}/Bolts/Bolts.framework",
				"${BUILT_PRODUCTS_DIR}/KRActivityIndicatorView/KRActivityIndicatorView.framework",
				"${BUILT_PRODUCTS_DIR}/PKHUD/PKHUD.framework",
				"${BUILT_PRODUCTS_DIR}/Parse/Parse.framework",
			);
			name = "[CP] Embed Pods Frameworks";
			outputPaths = (
				"${TARGET_BUILD_DIR}/${FRAMEWORKS_FOLDER_PATH}/Alamofire.framework",
				"${TARGET_BUILD_DIR}/${FRAMEWORKS_FOLDER_PATH}/AlamofireImage.framework",
				"${TARGET_BUILD_DIR}/${FRAMEWORKS_FOLDER_PATH}/Bolts.framework",
				"${TARGET_BUILD_DIR}/${FRAMEWORKS_FOLDER_PATH}/KRActivityIndicatorView.framework",
				"${TARGET_BUILD_DIR}/${FRAMEWORKS_FOLDER_PATH}/PKHUD.framework",
				"${TARGET_BUILD_DIR}/${FRAMEWORKS_FOLDER_PATH}/Parse.framework",
			);
			runOnlyForDeploymentPostprocessing = 0;
			shellPath = /bin/sh;
			shellScript = "\"${SRCROOT}/Pods/Target Support Files/Pods-Instagram/Pods-Instagram-frameworks.sh\"\n";
			showEnvVarsInLog = 0;
		};
/* End PBXShellScriptBuildPhase section */

/* Begin PBXSourcesBuildPhase section */
		34292F5D2154248F0062AB15 /* Sources */ = {
			isa = PBXSourcesBuildPhase;
			buildActionMask = 2147483647;
			files = (
				34292F952154BE600062AB15 /* MainViewController.swift in Sources */,
				34292F992154D4D20062AB15 /* AccountViewController.swift in Sources */,
				34292F972154CFA30062AB15 /* ChatCell.swift in Sources */,
				34292F932154BE0A0062AB15 /* LoginViewController.swift in Sources */,
				34292F652154248F0062AB15 /* AppDelegate.swift in Sources */,
				34546774215645690057C240 /* PostFile.swift in Sources */,
				34292F9B21560A030062AB15 /* CameraViewController.swift in Sources */,
			);
			runOnlyForDeploymentPostprocessing = 0;
		};
		34292F71215424910062AB15 /* Sources */ = {
			isa = PBXSourcesBuildPhase;
			buildActionMask = 2147483647;
			files = (
				34292F7A215424910062AB15 /* InstagramTests.swift in Sources */,
			);
			runOnlyForDeploymentPostprocessing = 0;
		};
		34292F7C215424910062AB15 /* Sources */ = {
			isa = PBXSourcesBuildPhase;
			buildActionMask = 2147483647;
			files = (
				34292F85215424910062AB15 /* InstagramUITests.swift in Sources */,
			);
			runOnlyForDeploymentPostprocessing = 0;
		};
/* End PBXSourcesBuildPhase section */

/* Begin PBXTargetDependency section */
		34292F77215424910062AB15 /* PBXTargetDependency */ = {
			isa = PBXTargetDependency;
			target = 34292F602154248F0062AB15 /* Instagram */;
			targetProxy = 34292F76215424910062AB15 /* PBXContainerItemProxy */;
		};
		34292F82215424910062AB15 /* PBXTargetDependency */ = {
			isa = PBXTargetDependency;
			target = 34292F602154248F0062AB15 /* Instagram */;
			targetProxy = 34292F81215424910062AB15 /* PBXContainerItemProxy */;
		};
/* End PBXTargetDependency section */

/* Begin PBXVariantGroup section */
		34292F682154248F0062AB15 /* Main.storyboard */ = {
			isa = PBXVariantGroup;
			children = (
				34292F692154248F0062AB15 /* Base */,
			);
			name = Main.storyboard;
			sourceTree = "<group>";
		};
		34292F6D215424910062AB15 /* LaunchScreen.storyboard */ = {
			isa = PBXVariantGroup;
			children = (
				34292F6E215424910062AB15 /* Base */,
			);
			name = LaunchScreen.storyboard;
			sourceTree = "<group>";
		};
/* End PBXVariantGroup section */

/* Begin XCBuildConfiguration section */
		34292F87215424910062AB15 /* Debug */ = {
			isa = XCBuildConfiguration;
			buildSettings = {
				ALWAYS_SEARCH_USER_PATHS = NO;
				CLANG_ANALYZER_NONNULL = YES;
				CLANG_ANALYZER_NUMBER_OBJECT_CONVERSION = YES_AGGRESSIVE;
				CLANG_CXX_LANGUAGE_STANDARD = "gnu++14";
				CLANG_CXX_LIBRARY = "libc++";
				CLANG_ENABLE_MODULES = YES;
				CLANG_ENABLE_OBJC_ARC = YES;
				CLANG_ENABLE_OBJC_WEAK = YES;
				CLANG_WARN_BLOCK_CAPTURE_AUTORELEASING = YES;
				CLANG_WARN_BOOL_CONVERSION = YES;
				CLANG_WARN_COMMA = YES;
				CLANG_WARN_CONSTANT_CONVERSION = YES;
				CLANG_WARN_DEPRECATED_OBJC_IMPLEMENTATIONS = YES;
				CLANG_WARN_DIRECT_OBJC_ISA_USAGE = YES_ERROR;
				CLANG_WARN_DOCUMENTATION_COMMENTS = YES;
				CLANG_WARN_EMPTY_BODY = YES;
				CLANG_WARN_ENUM_CONVERSION = YES;
				CLANG_WARN_INFINITE_RECURSION = YES;
				CLANG_WARN_INT_CONVERSION = YES;
				CLANG_WARN_NON_LITERAL_NULL_CONVERSION = YES;
				CLANG_WARN_OBJC_IMPLICIT_RETAIN_SELF = YES;
				CLANG_WARN_OBJC_LITERAL_CONVERSION = YES;
				CLANG_WARN_OBJC_ROOT_CLASS = YES_ERROR;
				CLANG_WARN_RANGE_LOOP_ANALYSIS = YES;
				CLANG_WARN_STRICT_PROTOTYPES = YES;
				CLANG_WARN_SUSPICIOUS_MOVE = YES;
				CLANG_WARN_UNGUARDED_AVAILABILITY = YES_AGGRESSIVE;
				CLANG_WARN_UNREACHABLE_CODE = YES;
				CLANG_WARN__DUPLICATE_METHOD_MATCH = YES;
				CODE_SIGN_IDENTITY = "iPhone Developer";
				COPY_PHASE_STRIP = NO;
				DEBUG_INFORMATION_FORMAT = dwarf;
				ENABLE_STRICT_OBJC_MSGSEND = YES;
				ENABLE_TESTABILITY = YES;
				GCC_C_LANGUAGE_STANDARD = gnu11;
				GCC_DYNAMIC_NO_PIC = NO;
				GCC_NO_COMMON_BLOCKS = YES;
				GCC_OPTIMIZATION_LEVEL = 0;
				GCC_PREPROCESSOR_DEFINITIONS = (
					"DEBUG=1",
					"$(inherited)",
				);
				GCC_WARN_64_TO_32_BIT_CONVERSION = YES;
				GCC_WARN_ABOUT_RETURN_TYPE = YES_ERROR;
				GCC_WARN_UNDECLARED_SELECTOR = YES;
				GCC_WARN_UNINITIALIZED_AUTOS = YES_AGGRESSIVE;
				GCC_WARN_UNUSED_FUNCTION = YES;
				GCC_WARN_UNUSED_VARIABLE = YES;
				IPHONEOS_DEPLOYMENT_TARGET = 11.4;
				MTL_ENABLE_DEBUG_INFO = YES;
				ONLY_ACTIVE_ARCH = YES;
				SDKROOT = iphoneos;
				SWIFT_ACTIVE_COMPILATION_CONDITIONS = DEBUG;
				SWIFT_OPTIMIZATION_LEVEL = "-Onone";
			};
			name = Debug;
		};
		34292F88215424910062AB15 /* Release */ = {
			isa = XCBuildConfiguration;
			buildSettings = {
				ALWAYS_SEARCH_USER_PATHS = NO;
				CLANG_ANALYZER_NONNULL = YES;
				CLANG_ANALYZER_NUMBER_OBJECT_CONVERSION = YES_AGGRESSIVE;
				CLANG_CXX_LANGUAGE_STANDARD = "gnu++14";
				CLANG_CXX_LIBRARY = "libc++";
				CLANG_ENABLE_MODULES = YES;
				CLANG_ENABLE_OBJC_ARC = YES;
				CLANG_ENABLE_OBJC_WEAK = YES;
				CLANG_WARN_BLOCK_CAPTURE_AUTORELEASING = YES;
				CLANG_WARN_BOOL_CONVERSION = YES;
				CLANG_WARN_COMMA = YES;
				CLANG_WARN_CONSTANT_CONVERSION = YES;
				CLANG_WARN_DEPRECATED_OBJC_IMPLEMENTATIONS = YES;
				CLANG_WARN_DIRECT_OBJC_ISA_USAGE = YES_ERROR;
				CLANG_WARN_DOCUMENTATION_COMMENTS = YES;
				CLANG_WARN_EMPTY_BODY = YES;
				CLANG_WARN_ENUM_CONVERSION = YES;
				CLANG_WARN_INFINITE_RECURSION = YES;
				CLANG_WARN_INT_CONVERSION = YES;
				CLANG_WARN_NON_LITERAL_NULL_CONVERSION = YES;
				CLANG_WARN_OBJC_IMPLICIT_RETAIN_SELF = YES;
				CLANG_WARN_OBJC_LITERAL_CONVERSION = YES;
				CLANG_WARN_OBJC_ROOT_CLASS = YES_ERROR;
				CLANG_WARN_RANGE_LOOP_ANALYSIS = YES;
				CLANG_WARN_STRICT_PROTOTYPES = YES;
				CLANG_WARN_SUSPICIOUS_MOVE = YES;
				CLANG_WARN_UNGUARDED_AVAILABILITY = YES_AGGRESSIVE;
				CLANG_WARN_UNREACHABLE_CODE = YES;
				CLANG_WARN__DUPLICATE_METHOD_MATCH = YES;
				CODE_SIGN_IDENTITY = "iPhone Developer";
				COPY_PHASE_STRIP = NO;
				DEBUG_INFORMATION_FORMAT = "dwarf-with-dsym";
				ENABLE_NS_ASSERTIONS = NO;
				ENABLE_STRICT_OBJC_MSGSEND = YES;
				GCC_C_LANGUAGE_STANDARD = gnu11;
				GCC_NO_COMMON_BLOCKS = YES;
				GCC_WARN_64_TO_32_BIT_CONVERSION = YES;
				GCC_WARN_ABOUT_RETURN_TYPE = YES_ERROR;
				GCC_WARN_UNDECLARED_SELECTOR = YES;
				GCC_WARN_UNINITIALIZED_AUTOS = YES_AGGRESSIVE;
				GCC_WARN_UNUSED_FUNCTION = YES;
				GCC_WARN_UNUSED_VARIABLE = YES;
				IPHONEOS_DEPLOYMENT_TARGET = 11.4;
				MTL_ENABLE_DEBUG_INFO = NO;
				SDKROOT = iphoneos;
				SWIFT_COMPILATION_MODE = wholemodule;
				SWIFT_OPTIMIZATION_LEVEL = "-O";
				VALIDATE_PRODUCT = YES;
			};
			name = Release;
		};
		34292F8A215424910062AB15 /* Debug */ = {
			isa = XCBuildConfiguration;
			baseConfigurationReference = 5CBC451AD45D3A11A90F7FBF /* Pods-Instagram.debug.xcconfig */;
			buildSettings = {
				ASSETCATALOG_COMPILER_APPICON_NAME = AppIcon;
				CODE_SIGN_STYLE = Automatic;
				DEVELOPMENT_TEAM = CK4V98BSP8;
				INFOPLIST_FILE = Instagram/Info.plist;
				LD_RUNPATH_SEARCH_PATHS = (
					"$(inherited)",
					"@executable_path/Frameworks",
				);
				PRODUCT_BUNDLE_IDENTIFIER = patkhai.Instagram;
				PRODUCT_NAME = "$(TARGET_NAME)";
				SWIFT_VERSION = 4.0;
				TARGETED_DEVICE_FAMILY = "1,2";
			};
			name = Debug;
		};
		34292F8B215424910062AB15 /* Release */ = {
			isa = XCBuildConfiguration;
			baseConfigurationReference = B352E66760C0FE79533534E4 /* Pods-Instagram.release.xcconfig */;
			buildSettings = {
				ASSETCATALOG_COMPILER_APPICON_NAME = AppIcon;
				CODE_SIGN_STYLE = Automatic;
				DEVELOPMENT_TEAM = CK4V98BSP8;
				INFOPLIST_FILE = Instagram/Info.plist;
				LD_RUNPATH_SEARCH_PATHS = (
					"$(inherited)",
					"@executable_path/Frameworks",
				);
				PRODUCT_BUNDLE_IDENTIFIER = patkhai.Instagram;
				PRODUCT_NAME = "$(TARGET_NAME)";
				SWIFT_VERSION = 4.0;
				TARGETED_DEVICE_FAMILY = "1,2";
			};
			name = Release;
		};
		34292F8D215424910062AB15 /* Debug */ = {
			isa = XCBuildConfiguration;
			baseConfigurationReference = FB462F3A47C2CA7D8FC9F99A /* Pods-InstagramTests.debug.xcconfig */;
			buildSettings = {
				ALWAYS_EMBED_SWIFT_STANDARD_LIBRARIES = YES;
				BUNDLE_LOADER = "$(TEST_HOST)";
				CODE_SIGN_STYLE = Automatic;
				DEVELOPMENT_TEAM = CK4V98BSP8;
				INFOPLIST_FILE = InstagramTests/Info.plist;
				LD_RUNPATH_SEARCH_PATHS = (
					"$(inherited)",
					"@executable_path/Frameworks",
					"@loader_path/Frameworks",
				);
				PRODUCT_BUNDLE_IDENTIFIER = patkhai.InstagramTests;
				PRODUCT_NAME = "$(TARGET_NAME)";
				SWIFT_VERSION = 4.0;
				TARGETED_DEVICE_FAMILY = "1,2";
				TEST_HOST = "$(BUILT_PRODUCTS_DIR)/Instagram.app/Instagram";
			};
			name = Debug;
		};
		34292F8E215424910062AB15 /* Release */ = {
			isa = XCBuildConfiguration;
			baseConfigurationReference = 6ED5B1EEC974287845569BF6 /* Pods-InstagramTests.release.xcconfig */;
			buildSettings = {
				ALWAYS_EMBED_SWIFT_STANDARD_LIBRARIES = YES;
				BUNDLE_LOADER = "$(TEST_HOST)";
				CODE_SIGN_STYLE = Automatic;
				DEVELOPMENT_TEAM = CK4V98BSP8;
				INFOPLIST_FILE = InstagramTests/Info.plist;
				LD_RUNPATH_SEARCH_PATHS = (
					"$(inherited)",
					"@executable_path/Frameworks",
					"@loader_path/Frameworks",
				);
				PRODUCT_BUNDLE_IDENTIFIER = patkhai.InstagramTests;
				PRODUCT_NAME = "$(TARGET_NAME)";
				SWIFT_VERSION = 4.0;
				TARGETED_DEVICE_FAMILY = "1,2";
				TEST_HOST = "$(BUILT_PRODUCTS_DIR)/Instagram.app/Instagram";
			};
			name = Release;
		};
		34292F90215424910062AB15 /* Debug */ = {
			isa = XCBuildConfiguration;
			baseConfigurationReference = A712F4C325DB8C9A1B365163 /* Pods-InstagramUITests.debug.xcconfig */;
			buildSettings = {
				ALWAYS_EMBED_SWIFT_STANDARD_LIBRARIES = YES;
				CODE_SIGN_STYLE = Automatic;
				DEVELOPMENT_TEAM = CK4V98BSP8;
				INFOPLIST_FILE = InstagramUITests/Info.plist;
				LD_RUNPATH_SEARCH_PATHS = (
					"$(inherited)",
					"@executable_path/Frameworks",
					"@loader_path/Frameworks",
				);
				PRODUCT_BUNDLE_IDENTIFIER = patkhai.InstagramUITests;
				PRODUCT_NAME = "$(TARGET_NAME)";
				SWIFT_VERSION = 4.0;
				TARGETED_DEVICE_FAMILY = "1,2";
				TEST_TARGET_NAME = Instagram;
			};
			name = Debug;
		};
		34292F91215424910062AB15 /* Release */ = {
			isa = XCBuildConfiguration;
			baseConfigurationReference = 90EF07FE3ED2ACA0EB5048A3 /* Pods-InstagramUITests.release.xcconfig */;
			buildSettings = {
				ALWAYS_EMBED_SWIFT_STANDARD_LIBRARIES = YES;
				CODE_SIGN_STYLE = Automatic;
				DEVELOPMENT_TEAM = CK4V98BSP8;
				INFOPLIST_FILE = InstagramUITests/Info.plist;
				LD_RUNPATH_SEARCH_PATHS = (
					"$(inherited)",
					"@executable_path/Frameworks",
					"@loader_path/Frameworks",
				);
				PRODUCT_BUNDLE_IDENTIFIER = patkhai.InstagramUITests;
				PRODUCT_NAME = "$(TARGET_NAME)";
				SWIFT_VERSION = 4.0;
				TARGETED_DEVICE_FAMILY = "1,2";
				TEST_TARGET_NAME = Instagram;
			};
			name = Release;
		};
/* End XCBuildConfiguration section */

/* Begin XCConfigurationList section */
		34292F5C2154248F0062AB15 /* Build configuration list for PBXProject "Instagram" */ = {
			isa = XCConfigurationList;
			buildConfigurations = (
				34292F87215424910062AB15 /* Debug */,
				34292F88215424910062AB15 /* Release */,
			);
			defaultConfigurationIsVisible = 0;
			defaultConfigurationName = Release;
		};
		34292F89215424910062AB15 /* Build configuration list for PBXNativeTarget "Instagram" */ = {
			isa = XCConfigurationList;
			buildConfigurations = (
				34292F8A215424910062AB15 /* Debug */,
				34292F8B215424910062AB15 /* Release */,
			);
			defaultConfigurationIsVisible = 0;
			defaultConfigurationName = Release;
		};
		34292F8C215424910062AB15 /* Build configuration list for PBXNativeTarget "InstagramTests" */ = {
			isa = XCConfigurationList;
			buildConfigurations = (
				34292F8D215424910062AB15 /* Debug */,
				34292F8E215424910062AB15 /* Release */,
			);
			defaultConfigurationIsVisible = 0;
			defaultConfigurationName = Release;
		};
		34292F8F215424910062AB15 /* Build configuration list for PBXNativeTarget "InstagramUITests" */ = {
			isa = XCConfigurationList;
			buildConfigurations = (
				34292F90215424910062AB15 /* Debug */,
				34292F91215424910062AB15 /* Release */,
			);
			defaultConfigurationIsVisible = 0;
			defaultConfigurationName = Release;
		};
/* End XCConfigurationList section */
	};
	rootObject = 34292F592154248E0062AB15 /* Project object */;
}
